
Microsoft Visual Studio Solution File, Format Version 12.00
# Visual Studio 14
VisualStudioVersion = 14.0.24720.0
MinimumVisualStudioVersion = 10.0.40219.1
Project("{FAE04EC0-301F-11D3-BF4B-00C04F79EFBC}") = "PhotoAndVideoOrganiser", "PhotoAndVideoOrganiser\PhotoAndVideoOrganiser.csproj", "{BA7C330A-1B60-407F-A23A-B76ABB7179C1}"
EndProject
Project("{FAE04EC0-301F-11D3-BF4B-00C04F79EFBC}") = "PhotoOrganiser", "PhotoOrganiser\PhotoOrganiser.csproj", "{EDEA503E-3E2F-4292-BAFD-7C39BDF08748}"
EndProject
Project("{FAE04EC0-301F-11D3-BF4B-00C04F79EFBC}") = "PhotoOrganiser.Tests", "PhotoOrganiser.Tests\PhotoOrganiser.Tests.csproj", "{D8B88B4F-AEE2-4CA3-A3C2-9B2AE4AF5153}"
EndProject
Project("{FAE04EC0-301F-11D3-BF4B-00C04F79EFBC}") = "ExifLib", "References\Exiflib\ExifLib.csproj", "{C878A95F-E695-42FC-A714-E47DF6515679}"
EndProject
Project("{FAE04EC0-301F-11D3-BF4B-00C04F79EFBC}") = "ExifLibTestApp", "References\ExifLibTestApp\ExifLibTestApp.csproj", "{286E1371-BFAA-4616-B796-600EE50964DA}"
EndProject
Project("{6141683F-8A12-4E36-9623-2EB02B2C2303}") = "Setup", "Setup\Setup.isproj", "{777A4AF9-C250-483C-B15B-414138E7026D}"
EndProject
Project("{2150E333-8FDC-42A3-9474-1A3956D46DE8}") = "Video Organisation", "Video Organisation", "{4DC4904E-8F56-4009-B560-357D26052E17}"
EndProject
Project("{2150E333-8FDC-42A3-9474-1A3956D46DE8}") = "Photo Organisation", "Photo Organisation", "{EDF1ABED-CC30-4293-BB83-9872CC413FE5}"
EndProject
Project("{2150E333-8FDC-42A3-9474-1A3956D46DE8}") = "Libraries", "Libraries", "{ED81639F-405E-43C7-8C3E-09F40C9CB95F}"
EndProject
Project("{FAE04EC0-301F-11D3-BF4B-00C04F79EFBC}") = "VideoOrganiser", "VideoOrganiser\VideoOrganiser.csproj", "{7419CEE2-438B-4D49-B58E-2C8971DEEA1F}"
EndProject
Project("{FAE04EC0-301F-11D3-BF4B-00C04F79EFBC}") = "VideoOrganiser.Tests", "VideoOrganiser.Tests\VideoOrganiser.Tests.csproj", "{D92871A9-4B82-4713-9AC5-F01D9B99AB03}"
EndProject
Project("{FAE04EC0-301F-11D3-BF4B-00C04F79EFBC}") = "Models", "Models\Models.csproj", "{C791AD17-61E6-4220-B208-D0818CC297BA}"
EndProject
Global
	GlobalSection(SolutionConfigurationPlatforms) = preSolution
		CD_ROM|Any CPU = CD_ROM|Any CPU
		Debug|Any CPU = Debug|Any CPU
		DVD-5|Any CPU = DVD-5|Any CPU
		Release|Any CPU = Release|Any CPU
		SingleImage|Any CPU = SingleImage|Any CPU
	EndGlobalSection
	GlobalSection(ProjectConfigurationPlatforms) = postSolution
		{BA7C330A-1B60-407F-A23A-B76ABB7179C1}.CD_ROM|Any CPU.ActiveCfg = Release|Any CPU
		{BA7C330A-1B60-407F-A23A-B76ABB7179C1}.CD_ROM|Any CPU.Build.0 = Release|Any CPU
		{BA7C330A-1B60-407F-A23A-B76ABB7179C1}.Debug|Any CPU.ActiveCfg = Debug|Any CPU
		{BA7C330A-1B60-407F-A23A-B76ABB7179C1}.Debug|Any CPU.Build.0 = Debug|Any CPU
		{BA7C330A-1B60-407F-A23A-B76ABB7179C1}.DVD-5|Any CPU.ActiveCfg = Debug|Any CPU
		{BA7C330A-1B60-407F-A23A-B76ABB7179C1}.DVD-5|Any CPU.Build.0 = Debug|Any CPU
		{BA7C330A-1B60-407F-A23A-B76ABB7179C1}.Release|Any CPU.ActiveCfg = Release|Any CPU
		{BA7C330A-1B60-407F-A23A-B76ABB7179C1}.Release|Any CPU.Build.0 = Release|Any CPU
		{BA7C330A-1B60-407F-A23A-B76ABB7179C1}.SingleImage|Any CPU.ActiveCfg = Release|Any CPU
		{BA7C330A-1B60-407F-A23A-B76ABB7179C1}.SingleImage|Any CPU.Build.0 = Release|Any CPU
		{EDEA503E-3E2F-4292-BAFD-7C39BDF08748}.CD_ROM|Any CPU.ActiveCfg = Release|Any CPU
		{EDEA503E-3E2F-4292-BAFD-7C39BDF08748}.CD_ROM|Any CPU.Build.0 = Release|Any CPU
		{EDEA503E-3E2F-4292-BAFD-7C39BDF08748}.Debug|Any CPU.ActiveCfg = Debug|Any CPU
		{EDEA503E-3E2F-4292-BAFD-7C39BDF08748}.Debug|Any CPU.Build.0 = Debug|Any CPU
		{EDEA503E-3E2F-4292-BAFD-7C39BDF08748}.DVD-5|Any CPU.ActiveCfg = Debug|Any CPU
		{EDEA503E-3E2F-4292-BAFD-7C39BDF08748}.DVD-5|Any CPU.Build.0 = Debug|Any CPU
		{EDEA503E-3E2F-4292-BAFD-7C39BDF08748}.Release|Any CPU.ActiveCfg = Release|Any CPU
		{EDEA503E-3E2F-4292-BAFD-7C39BDF08748}.Release|Any CPU.Build.0 = Release|Any CPU
		{EDEA503E-3E2F-4292-BAFD-7C39BDF08748}.SingleImage|Any CPU.ActiveCfg = Release|Any CPU
		{EDEA503E-3E2F-4292-BAFD-7C39BDF08748}.SingleImage|Any CPU.Build.0 = Release|Any CPU
		{D8B88B4F-AEE2-4CA3-A3C2-9B2AE4AF5153}.CD_ROM|Any CPU.ActiveCfg = Release|Any CPU
		{D8B88B4F-AEE2-4CA3-A3C2-9B2AE4AF5153}.CD_ROM|Any CPU.Build.0 = Release|Any CPU
		{D8B88B4F-AEE2-4CA3-A3C2-9B2AE4AF5153}.Debug|Any CPU.ActiveCfg = Debug|Any CPU
		{D8B88B4F-AEE2-4CA3-A3C2-9B2AE4AF5153}.Debug|Any CPU.Build.0 = Debug|Any CPU
		{D8B88B4F-AEE2-4CA3-A3C2-9B2AE4AF5153}.DVD-5|Any CPU.ActiveCfg = Debug|Any CPU
		{D8B88B4F-AEE2-4CA3-A3C2-9B2AE4AF5153}.DVD-5|Any CPU.Build.0 = Debug|Any CPU
		{D8B88B4F-AEE2-4CA3-A3C2-9B2AE4AF5153}.Release|Any CPU.ActiveCfg = Release|Any CPU
		{D8B88B4F-AEE2-4CA3-A3C2-9B2AE4AF5153}.Release|Any CPU.Build.0 = Release|Any CPU
		{D8B88B4F-AEE2-4CA3-A3C2-9B2AE4AF5153}.SingleImage|Any CPU.ActiveCfg = Release|Any CPU
		{D8B88B4F-AEE2-4CA3-A3C2-9B2AE4AF5153}.SingleImage|Any CPU.Build.0 = Release|Any CPU
		{C878A95F-E695-42FC-A714-E47DF6515679}.CD_ROM|Any CPU.ActiveCfg = Release|Any CPU
		{C878A95F-E695-42FC-A714-E47DF6515679}.CD_ROM|Any CPU.Build.0 = Release|Any CPU
		{C878A95F-E695-42FC-A714-E47DF6515679}.Debug|Any CPU.ActiveCfg = Debug|Any CPU
		{C878A95F-E695-42FC-A714-E47DF6515679}.Debug|Any CPU.Build.0 = Debug|Any CPU
		{C878A95F-E695-42FC-A714-E47DF6515679}.DVD-5|Any CPU.ActiveCfg = Debug|Any CPU
		{C878A95F-E695-42FC-A714-E47DF6515679}.DVD-5|Any CPU.Build.0 = Debug|Any CPU
		{C878A95F-E695-42FC-A714-E47DF6515679}.Release|Any CPU.ActiveCfg = Release|Any CPU
		{C878A95F-E695-42FC-A714-E47DF6515679}.Release|Any CPU.Build.0 = Release|Any CPU
		{C878A95F-E695-42FC-A714-E47DF6515679}.SingleImage|Any CPU.ActiveCfg = Release|Any CPU
		{C878A95F-E695-42FC-A714-E47DF6515679}.SingleImage|Any CPU.Build.0 = Release|Any CPU
		{286E1371-BFAA-4616-B796-600EE50964DA}.CD_ROM|Any CPU.ActiveCfg = Release|Any CPU
		{286E1371-BFAA-4616-B796-600EE50964DA}.CD_ROM|Any CPU.Build.0 = Release|Any CPU
		{286E1371-BFAA-4616-B796-600EE50964DA}.Debug|Any CPU.ActiveCfg = Debug|Any CPU
		{286E1371-BFAA-4616-B796-600EE50964DA}.Debug|Any CPU.Build.0 = Debug|Any CPU
		{286E1371-BFAA-4616-B796-600EE50964DA}.DVD-5|Any CPU.ActiveCfg = Debug|Any CPU
		{286E1371-BFAA-4616-B796-600EE50964DA}.DVD-5|Any CPU.Build.0 = Debug|Any CPU
		{286E1371-BFAA-4616-B796-600EE50964DA}.Release|Any CPU.ActiveCfg = Release|Any CPU
		{286E1371-BFAA-4616-B796-600EE50964DA}.Release|Any CPU.Build.0 = Release|Any CPU
		{286E1371-BFAA-4616-B796-600EE50964DA}.SingleImage|Any CPU.ActiveCfg = Release|Any CPU
		{286E1371-BFAA-4616-B796-600EE50964DA}.SingleImage|Any CPU.Build.0 = Release|Any CPU
		{777A4AF9-C250-483C-B15B-414138E7026D}.CD_ROM|Any CPU.ActiveCfg = CD_ROM
		{777A4AF9-C250-483C-B15B-414138E7026D}.CD_ROM|Any CPU.Build.0 = CD_ROM
		{777A4AF9-C250-483C-B15B-414138E7026D}.Debug|Any CPU.ActiveCfg = DVD-5
		{777A4AF9-C250-483C-B15B-414138E7026D}.Debug|Any CPU.Build.0 = DVD-5
		{777A4AF9-C250-483C-B15B-414138E7026D}.DVD-5|Any CPU.ActiveCfg = DVD-5
		{777A4AF9-C250-483C-B15B-414138E7026D}.DVD-5|Any CPU.Build.0 = DVD-5
		{777A4AF9-C250-483C-B15B-414138E7026D}.Release|Any CPU.ActiveCfg = SingleImage
		{777A4AF9-C250-483C-B15B-414138E7026D}.Release|Any CPU.Build.0 = SingleImage
		{777A4AF9-C250-483C-B15B-414138E7026D}.SingleImage|Any CPU.ActiveCfg = SingleImage
		{777A4AF9-C250-483C-B15B-414138E7026D}.SingleImage|Any CPU.Build.0 = SingleImage
		{7419CEE2-438B-4D49-B58E-2C8971DEEA1F}.CD_ROM|Any CPU.ActiveCfg = Release|Any CPU
		{7419CEE2-438B-4D49-B58E-2C8971DEEA1F}.CD_ROM|Any CPU.Build.0 = Release|Any CPU
		{7419CEE2-438B-4D49-B58E-2C8971DEEA1F}.Debug|Any CPU.ActiveCfg = Debug|Any CPU
		{7419CEE2-438B-4D49-B58E-2C8971DEEA1F}.Debug|Any CPU.Build.0 = Debug|Any CPU
		{7419CEE2-438B-4D49-B58E-2C8971DEEA1F}.DVD-5|Any CPU.ActiveCfg = Debug|Any CPU
		{7419CEE2-438B-4D49-B58E-2C8971DEEA1F}.DVD-5|Any CPU.Build.0 = Debug|Any CPU
		{7419CEE2-438B-4D49-B58E-2C8971DEEA1F}.Release|Any CPU.ActiveCfg = Release|Any CPU
		{7419CEE2-438B-4D49-B58E-2C8971DEEA1F}.Release|Any CPU.Build.0 = Release|Any CPU
		{7419CEE2-438B-4D49-B58E-2C8971DEEA1F}.SingleImage|Any CPU.ActiveCfg = Release|Any CPU
		{7419CEE2-438B-4D49-B58E-2C8971DEEA1F}.SingleImage|Any CPU.Build.0 = Release|Any CPU
		{D92871A9-4B82-4713-9AC5-F01D9B99AB03}.CD_ROM|Any CPU.ActiveCfg = Release|Any CPU
		{D92871A9-4B82-4713-9AC5-F01D9B99AB03}.CD_ROM|Any CPU.Build.0 = Release|Any CPU
		{D92871A9-4B82-4713-9AC5-F01D9B99AB03}.Debug|Any CPU.ActiveCfg = Debug|Any CPU
		{D92871A9-4B82-4713-9AC5-F01D9B99AB03}.Debug|Any CPU.Build.0 = Debug|Any CPU
		{D92871A9-4B82-4713-9AC5-F01D9B99AB03}.DVD-5|Any CPU.ActiveCfg = Debug|Any CPU
		{D92871A9-4B82-4713-9AC5-F01D9B99AB03}.DVD-5|Any CPU.Build.0 = Debug|Any CPU
		{D92871A9-4B82-4713-9AC5-F01D9B99AB03}.Release|Any CPU.ActiveCfg = Release|Any CPU
		{D92871A9-4B82-4713-9AC5-F01D9B99AB03}.Release|Any CPU.Build.0 = Release|Any CPU
		{D92871A9-4B82-4713-9AC5-F01D9B99AB03}.SingleImage|Any CPU.ActiveCfg = Release|Any CPU
		{D92871A9-4B82-4713-9AC5-F01D9B99AB03}.SingleImage|Any CPU.Build.0 = Release|Any CPU
		{C791AD17-61E6-4220-B208-D0818CC297BA}.CD_ROM|Any CPU.ActiveCfg = Release|Any CPU
		{C791AD17-61E6-4220-B208-D0818CC297BA}.CD_ROM|Any CPU.Build.0 = Release|Any CPU
		{C791AD17-61E6-4220-B208-D0818CC297BA}.Debug|Any CPU.ActiveCfg = Debug|Any CPU
		{C791AD17-61E6-4220-B208-D0818CC297BA}.Debug|Any CPU.Build.0 = Debug|Any CPU
		{C791AD17-61E6-4220-B208-D0818CC297BA}.DVD-5|Any CPU.ActiveCfg = Debug|Any CPU
		{C791AD17-61E6-4220-B208-D0818CC297BA}.DVD-5|Any CPU.Build.0 = Debug|Any CPU
		{C791AD17-61E6-4220-B208-D0818CC297BA}.Release|Any CPU.ActiveCfg = Release|Any CPU
		{C791AD17-61E6-4220-B208-D0818CC297BA}.Release|Any CPU.Build.0 = Release|Any CPU
		{C791AD17-61E6-4220-B208-D0818CC297BA}.SingleImage|Any CPU.ActiveCfg = Release|Any CPU
		{C791AD17-61E6-4220-B208-D0818CC297BA}.SingleImage|Any CPU.Build.0 = Release|Any CPU
	EndGlobalSection
	GlobalSection(SolutionProperties) = preSolution
		HideSolutionNode = FALSE
	EndGlobalSection
	GlobalSection(NestedProjects) = preSolution
		{EDEA503E-3E2F-4292-BAFD-7C39BDF08748} = {EDF1ABED-CC30-4293-BB83-9872CC413FE5}
		{D8B88B4F-AEE2-4CA3-A3C2-9B2AE4AF5153} = {EDF1ABED-CC30-4293-BB83-9872CC413FE5}
		{C878A95F-E695-42FC-A714-E47DF6515679} = {ED81639F-405E-43C7-8C3E-09F40C9CB95F}
		{286E1371-BFAA-4616-B796-600EE50964DA} = {ED81639F-405E-43C7-8C3E-09F40C9CB95F}
		{7419CEE2-438B-4D49-B58E-2C8971DEEA1F} = {4DC4904E-8F56-4009-B560-357D26052E17}
		{D92871A9-4B82-4713-9AC5-F01D9B99AB03} = {4DC4904E-8F56-4009-B560-357D26052E17}
	EndGlobalSection
EndGlobal
